{
  "requires": true,
  "lockfileVersion": 1,
  "dependencies": {
    "graphql": {
      "version": "16.1.0",
      "resolved": "https://registry.npmjs.org/graphql/-/graphql-16.1.0.tgz",
      "integrity": "sha512-+PIjmhqGHMIxtnlEirRXDHIzs0cAHAozKG5M2w2N4TnS8VzCxO3bbv1AW9UTeycBfl2QsPduxcVrBvANFKQhiw=="
    }
  }
}
